
Microsoft Visual Studio Solution File, Format Version 12.00
# Visual Studio Version 16
VisualStudioVersion = 16.0.30523.141
MinimumVisualStudioVersion = 10.0.40219.1
Project("{FAE04EC0-301F-11D3-BF4B-00C04F79EFBC}") = "VideoAudioJoiner", "VideoAudioJoiner\VideoAudioJoiner.csproj", "{A23AE0CA-72E9-4B3B-ACE9-47BF571E00A1}"
EndProject
Global
	GlobalSection(SolutionConfigurationPlatforms) = preSolution
		Debug|Any CPU = Debug|Any CPU
		Release|Any CPU = Release|Any CPU
	EndGlobalSection
	GlobalSection(ProjectConfigurationPlatforms) = postSolution
		{A23AE0CA-72E9-4B3B-ACE9-47BF571E00A1}.Debug|Any CPU.ActiveCfg = Debug|Any CPU
		{A23AE0CA-72E9-4B3B-ACE9-47BF571E00A1}.Debug|Any CPU.Build.0 = Debug|Any CPU
		{A23AE0CA-72E9-4B3B-ACE9-47BF571E00A1}.Release|Any CPU.ActiveCfg = Release|Any CPU
		{A23AE0CA-72E9-4B3B-ACE9-47BF571E00A1}.Release|Any CPU.Build.0 = Release|Any CPU
	EndGlobalSection
	GlobalSection(SolutionProperties) = preSolution
		HideSolutionNode = FALSE
	EndGlobalSection
	GlobalSection(ExtensibilityGlobals) = postSolution
		SolutionGuid = {83EE5DFC-09DF-42C1-A5D4-866D4E821134}
	EndGlobalSection
EndGlobal
